%{
  "argus": {:hex, :argus, "1.0.4", "465f6248ecfbc861cd7e7738cf8814d83245c67336a9f3041c787979d4448f02", [:gleam], [{:jargon, ">= 1.1.0 and < 2.0.0", [hex: :jargon, repo: "hexpm", optional: false]}], "hexpm", "44c454d51b89969761e8a0925c2d04a9c9cf474ad0b206c1346277ede894bfba"},
  "bcrypt": {:hex, :bcrypt, "1.2.2", "99904dd4a0df4e8454293e630f2c895a599a616304838468540402fececd11ed", [:rebar3], [{:poolboy, "1.5.2", [hex: :poolboy, repo: "hexpm", optional: false]}], "hexpm", "6428d68bb2608490e150be406a7ab75b5bce4a2b5a3b0c3f36a12e367a141561"},
  "beecrypt": {:hex, :beecrypt, "0.4.0", "4dd21fd428e4bd640c418301d8be4f8551d36e6833dbdf3e47dfcdfc26edb6d8", [:gleam], [{:bcrypt, ">= 1.2.0 and < 2.0.0", [hex: :bcrypt, repo: "hexpm", optional: false]}, {:gleam_crypto, ">= 0.3.0 and < 2.0.0", [hex: :gleam_crypto, repo: "hexpm", optional: false]}, {:gleam_erlang, ">= 0.18.0 and < 2.0.0", [hex: :gleam_erlang, repo: "hexpm", optional: false]}, {:gleam_stdlib, ">= 0.28.0 and < 2.0.0", [hex: :gleam_stdlib, repo: "hexpm", optional: false]}], "hexpm", "6b4791012d46f88ef63caefeb122d28174f6c1c382ae851cb3151ae5e1b5362a"},
  "burrito": {:hex, :burrito, "1.5.0", "d68ec01df2871f1d5bc603b883a78546c75761ac73c1bec1b7ae2cc74790fcd1", [:mix], [{:jason, "~> 1.4", [hex: :jason, repo: "hexpm", optional: false]}, {:req, ">= 0.5.0", [hex: :req, repo: "hexpm", optional: false]}, {:typed_struct, "~> 0.2.0 or ~> 0.3.0", [hex: :typed_struct, repo: "hexpm", optional: false]}], "hexpm", "3861abda7bffa733862b48da3e03df0b4cd41abf6fd24b91745f5c16d971e5fa"},
  "esqlite": {:hex, :esqlite, "0.9.0", "23960e182234d0300f946066c6fa9f3e06951abf2fd36e07f1fd18f40b8624e0", [:rebar3], [], "hexpm", "ccf72258a4ee152ec7ad92aa9a03552eb6ca1b06b65c93ad5b6e55c302e05855"},
  "exception": {:hex, :exception, "2.1.1", "b9d344156f56454eece078b5eb4e4c24bf80e780a7065ccc062cd9b8d6a5066d", [:gleam], [{:gleam_stdlib, "~> 0.30 or ~> 1.0", [hex: :gleam_stdlib, repo: "hexpm", optional: false]}], "hexpm", "6bdea95248093599391c3b5df1835c5c6a86c353c2f99ce539b450e3432fe117"},
  "finch": {:hex, :finch, "0.23.0", "e3f9287ac25a8832f848b144c2b57346aac65b205e2e0629a52adfe6507fd837", [:mix], [{:mime, "~> 1.0 or ~> 2.0", [hex: :mime, repo: "hexpm", optional: false]}, {:mint, "~> 1.8", [hex: :mint, repo: "hexpm", optional: false]}, {:nimble_options, "~> 0.4 or ~> 1.0", [hex: :nimble_options, repo: "hexpm", optional: false]}, {:nimble_pool, "~> 1.1", [hex: :nimble_pool, repo: "hexpm", optional: false]}, {:telemetry, "~> 0.4 or ~> 1.0", [hex: :telemetry, repo: "hexpm", optional: false]}], "hexpm", "80e58d3f936f57e3fdf404f83a3642897ae6d9fb642934e46da4d8fe761b99d5"},
  "gleam_crypto": {:hex, :gleam_crypto, "1.6.0", "1a4312d741ecbf7be48f93b9f64b20a2c314b659b5dc446611ae6acef8d5be5b", [:gleam], [{:gleam_stdlib, ">= 1.0.0 and < 2.0.0", [hex: :gleam_stdlib, repo: "hexpm", optional: false]}], "hexpm", "2de9e4ef53cf6fee049d4f765731f7178f7a11aefae00eee63bf7536b354ad3f"},
  "gleam_erlang": {:hex, :gleam_erlang, "1.3.0", "9fcd816c34bfe04fb011e481086575755d7dc699af729d621a039667f10cb9ff", [:gleam], [{:gleam_stdlib, ">= 0.53.0 and < 2.0.0", [hex: :gleam_stdlib, repo: "hexpm", optional: false]}], "hexpm", "1124ad3aa21143e5af0fc5cf3d9529f6db8ca03e43a55711b60b6b7b3874375c"},
  "gleam_http": {:hex, :gleam_http, "4.3.0", "ead739f30be45cb4113d544f65c14da5d7fb0dd79710ffcd4b30e4a9e59505e5", [:gleam], [{:gleam_stdlib, ">= 0.45.0 and < 2.0.0", [hex: :gleam_stdlib, repo: "hexpm", optional: false]}], "hexpm", "82ea6a717c842456188c190afb372665ea56ce13d8559bf3b1dd9e40f619ee0c"},
  "gleam_json": {:hex, :gleam_json, "3.1.0", "c45bef8df30599f528829dc95a3eb8b955221099a3234e5947426fc89d708ecd", [:gleam], [{:gleam_stdlib, ">= 0.51.0 and < 2.0.0", [hex: :gleam_stdlib, repo: "hexpm", optional: false]}], "hexpm", "44fdaa8847be8fc48ca7a1c089706bd54badcc4c45b237a992eddf9f2cdb2836"},
  "gleam_otp": {:hex, :gleam_otp, "1.3.0", "f5dcef2b22314f0958f48bff5d9142cb086f6baf0cc212ce91affb8ec069507d", [:gleam], [{:gleam_erlang, ">= 1.0.0 and < 2.0.0", [hex: :gleam_erlang, repo: "hexpm", optional: false]}, {:gleam_stdlib, ">= 0.60.0 and < 2.0.0", [hex: :gleam_stdlib, repo: "hexpm", optional: false]}], "hexpm", "de4ca6850842f0266ee95317a25dd6a0a0f20cdfab7c0adc2e63251d7c3c72ec"},
  "gleam_stdlib": {:hex, :gleam_stdlib, "1.0.5", "162d95e765f232233bf823df5b0dd37fe077cba32e9e45738332bc92af4a7a26", [:gleam], [], "hexpm", "cee5b6c076a85b45f60c585f4316c63ec8b7127c119d5738c3958a9c4d50404e"},
  "glisten": {:hex, :glisten, "9.0.1", "08c896e002e2698735867484857b73531e793af5e48b6f3bb45ed63658f67226", [:gleam], [{:gleam_erlang, ">= 1.0.0 and < 2.0.0", [hex: :gleam_erlang, repo: "hexpm", optional: false]}, {:gleam_otp, ">= 1.2.0 and < 2.0.0", [hex: :gleam_otp, repo: "hexpm", optional: false]}, {:gleam_stdlib, ">= 1.0.0 and < 2.0.0", [hex: :gleam_stdlib, repo: "hexpm", optional: false]}, {:logging, ">= 1.3.0 and < 2.0.0", [hex: :logging, repo: "hexpm", optional: false]}], "hexpm", "7795aa50830656f3a0316a6b26595f893c83272da901b3405e31339caa31a10b"},
  "gramps": {:hex, :gramps, "6.0.1", "0023be7e4e9cbfc497bf7f5f6ad0973590dcef93e66077329bc741a5254beda0", [:gleam], [{:gleam_crypto, ">= 1.3.0 and < 2.0.0", [hex: :gleam_crypto, repo: "hexpm", optional: false]}, {:gleam_erlang, ">= 1.0.0 and < 2.0.0", [hex: :gleam_erlang, repo: "hexpm", optional: false]}, {:gleam_http, ">= 3.6.0 and < 5.0.0", [hex: :gleam_http, repo: "hexpm", optional: false]}, {:gleam_stdlib, ">= 1.0.0 and < 2.0.0", [hex: :gleam_stdlib, repo: "hexpm", optional: false]}], "hexpm", "d55636072dee173f6586a5679d3c02ec7a0de3f8646b78c351b72908ff223df7"},
  "hpack_erl": {:hex, :hpack_erl, "0.3.0", "2461899cc4ab6a0ef8e970c1661c5fc6a52d3c25580bc6dd204f84ce94669926", [:rebar3], [], "hexpm", "d6137d7079169d8c485c6962dfe261af5b9ef60fbc557344511c1e65e3d95fb0"},
  "hpax": {:hex, :hpax, "1.0.4", "777de5d433b0fbdc7c418159c8055910faa8047ffdb3d6b31098d2a46cd7685c", [:mix], [], "hexpm", "afc7cb142ebcc2d01ce7816190b98ce5dd49e799111b24249f3443d730f377ca"},
  "jargon": {:hex, :jargon, "1.1.0", "8108f6e56f3e311591c968c57a0d2702c94e48400c6b260ddf6dafb620e480b4", [:rebar3], [], "hexpm", "963fcd2e851f5fcf3821638c088ea1ef07365187319b9145a1d12dd3980162ca"},
  "jason": {:hex, :jason, "1.4.5", "2e3a008590b0b8d7388c20293e9dcc9cf3e5d642fd2a114e4cbbb52e595d940a", [:mix], [{:decimal, "~> 1.0 or ~> 2.0 or ~> 3.0", [hex: :decimal, repo: "hexpm", optional: true]}], "hexpm", "b0c823996102bcd0239b3c2444eb00409b72f6a140c1950bc8b457d836b30684"},
  "logging": {:hex, :logging, "1.5.0", "30acb5b490fedb8ba3500d6d5931a4e58c0a047d23c8d333d4a9f2fa5cc3c23c", [:gleam], [{:gleam_stdlib, "~> 0.34 or ~> 1.0", [hex: :gleam_stdlib, repo: "hexpm", optional: false]}], "hexpm", "bc5f18ce5dd9686100229fe5409bdc3dd5c46d5a7df2f804ad2d8f0dd6c5060e"},
  "mime": {:hex, :mime, "2.0.7", "b8d739037be7cd402aee1ba0306edfdef982687ee7e9859bee6198c1e7e2f128", [:mix], [], "hexpm", "6171188e399ee16023ffc5b76ce445eb6d9672e2e241d2df6050f3c771e80ccd"},
  "mint": {:hex, :mint, "1.9.3", "3337184d69179695c7a9f1714d92c11e629d36c8c037a21cf490131d3d150554", [:mix], [{:castore, "~> 0.1.0 or ~> 1.0", [hex: :castore, repo: "hexpm", optional: true]}, {:hpax, "~> 0.1.1 or ~> 0.2.0 or ~> 1.0", [hex: :hpax, repo: "hexpm", optional: false]}], "hexpm", "5f7c9342480c069dbbc4eeac3490303c9e01870ff01a7f1d29b6107054fc1e74"},
  "mist": {:hex, :mist, "6.0.3", "5a8f4850d7bed7c784b29361b927cdb6de459fe44385b2eb38daa5aabc3c89fa", [:gleam], [{:exception, ">= 2.1.0 and < 3.0.0", [hex: :exception, repo: "hexpm", optional: false]}, {:gleam_erlang, ">= 1.0.0 and < 2.0.0", [hex: :gleam_erlang, repo: "hexpm", optional: false]}, {:gleam_http, ">= 4.0.0 and < 5.0.0", [hex: :gleam_http, repo: "hexpm", optional: false]}, {:gleam_otp, ">= 1.2.0 and < 2.0.0", [hex: :gleam_otp, repo: "hexpm", optional: false]}, {:gleam_stdlib, ">= 1.0.0 and < 2.0.0", [hex: :gleam_stdlib, repo: "hexpm", optional: false]}, {:glisten, ">= 9.0.0 and < 10.0.0", [hex: :glisten, repo: "hexpm", optional: false]}, {:gramps, ">= 6.0.0 and < 7.0.0", [hex: :gramps, repo: "hexpm", optional: false]}, {:hpack_erl, ">= 0.3.0 and < 1.0.0", [hex: :hpack_erl, repo: "hexpm", optional: false]}, {:logging, ">= 1.0.0 and < 2.0.0", [hex: :logging, repo: "hexpm", optional: false]}], "hexpm", "1b07f321d5fa0cb162d81496f2de96aeb6ef8980f4f38230a4cc3f849497e020"},
  "mug": {:hex, :mug, "3.1.0", "e3d435817a84372b00adb5582be6f96b7d3c09a7e6bde8a9ffb68b771e25b783", [:gleam], [{:gleam_erlang, ">= 1.0.0 and < 2.0.0", [hex: :gleam_erlang, repo: "hexpm", optional: false]}, {:gleam_stdlib, ">= 0.60.0 and < 2.0.0", [hex: :gleam_stdlib, repo: "hexpm", optional: false]}], "hexpm", "c01279d98e40371da23461774b63f0e3581b8f1396049d881b0c7eb32799d93f"},
  "nimble_options": {:hex, :nimble_options, "1.1.1", "e3a492d54d85fc3fd7c5baf411d9d2852922f66e69476317787a7b2bb000a61b", [:mix], [], "hexpm", "821b2470ca9442c4b6984882fe9bb0389371b8ddec4d45a9504f00a66f650b44"},
  "nimble_pool": {:hex, :nimble_pool, "1.1.0", "bf9c29fbdcba3564a8b800d1eeb5a3c58f36e1e11d7b7fb2e084a643f645f06b", [:mix], [], "hexpm", "af2e4e6b34197db81f7aad230c1118eac993acc0dae6bc83bac0126d4ae0813a"},
  "poolboy": {:hex, :poolboy, "1.5.2", "392b007a1693a64540cead79830443abf5762f5d30cf50bc95cb2c1aaafa006b", [:rebar3], [], "hexpm", "dad79704ce5440f3d5a3681c8590b9dc25d1a561e8f5a9c995281012860901e3"},
  "postgleam": {:hex, :postgleam, "0.8.0", "5084f44c9d9fe7c56eb0b2145155acfb2f56dd053fcd686dedb6b83801ef445f", [:gleam], [{:gleam_crypto, ">= 1.0.0 and < 3.0.0", [hex: :gleam_crypto, repo: "hexpm", optional: false]}, {:gleam_erlang, ">= 1.0.0 and < 3.0.0", [hex: :gleam_erlang, repo: "hexpm", optional: false]}, {:gleam_json, ">= 3.0.0 and < 5.0.0", [hex: :gleam_json, repo: "hexpm", optional: false]}, {:gleam_otp, ">= 0.16.0 and < 2.0.0", [hex: :gleam_otp, repo: "hexpm", optional: false]}, {:gleam_stdlib, ">= 0.44.0 and < 3.0.0", [hex: :gleam_stdlib, repo: "hexpm", optional: false]}, {:mug, ">= 3.0.0 and < 5.0.0", [hex: :mug, repo: "hexpm", optional: false]}], "hexpm", "a4d9e321268106e55aad7ebd4be51243710342f0ccc296414005366984c70df6"},
  "req": {:hex, :req, "0.7.3", "b141f1b465dabc5fb8ce67bd2f15a85fc80f6c75719910699560e32ce49f62ef", [:mix], [{:brotli, "~> 0.3.1", [hex: :brotli, repo: "hexpm", optional: true]}, {:finch, "~> 0.21", [hex: :finch, repo: "hexpm", optional: false]}, {:jason, "~> 1.0", [hex: :jason, repo: "hexpm", optional: false]}, {:mime, "~> 2.0.6 or ~> 2.1", [hex: :mime, repo: "hexpm", optional: false]}, {:nimble_csv, "~> 1.0", [hex: :nimble_csv, repo: "hexpm", optional: true]}, {:plug, "~> 1.0", [hex: :plug, repo: "hexpm", optional: true]}], "hexpm", "73b303030dccc2b6d023ee5ada380825ab3a7cd3863aead493db09ec420ffdf2"},
  "sqlight": {:hex, :sqlight, "1.2.0", "062cea39bcd750c9ed9dd869e04baf193933f1e2ef58a7bdfef1e1dbfa452951", [:gleam], [{:esqlite, "~> 0.8", [hex: :esqlite, repo: "hexpm", optional: false]}, {:gleam_stdlib, ">= 0.51.0 and < 2.0.0", [hex: :gleam_stdlib, repo: "hexpm", optional: false]}], "hexpm", "841768d0a81107ee2db46b949354f284a68b2e8098315c28a1fe3c07d206c17a"},
  "telemetry": {:hex, :telemetry, "1.4.2", "a0cb522801dffb1c49fe6e30561badffc7b6d0e180db1300df759faa22062855", [:rebar3], [], "hexpm", "928f6495066506077862c0d1646609eed891a4326bee3126ba54b60af61febb1"},
  "typed_struct": {:hex, :typed_struct, "0.3.0", "939789e3c1dca39d7170c87f729127469d1315dcf99fee8e152bb774b17e7ff7", [:mix], [], "hexpm", "c50bd5c3a61fe4e198a8504f939be3d3c85903b382bde4865579bc23111d1b6d"},
}
